
Microsoft Visual Studio Solution File, Format Version 12.00
# Visual Studio Version 16
VisualStudioVersion = 16.0.31702.278
MinimumVisualStudioVersion = 10.0.40219.1
Project("{FAE04EC0-301F-11D3-BF4B-00C04F79EFBC}") = "aditionalTask", "aditionalTask\aditionalTask.csproj", "{EE461BEB-0519-44D7-9901-0D6119A2E2BC}"
EndProject
Project("{FAE04EC0-301F-11D3-BF4B-00C04F79EFBC}") = "task2", "task2\task2.csproj", "{484F4AC5-79F9-4E7B-B7D9-3A9D06570F97}"
EndProject
Project("{FAE04EC0-301F-11D3-BF4B-00C04F79EFBC}") = "task3", "task3\task3.csproj", "{E7660A30-6DE5-4EDC-9209-6891403A16CE}"
EndProject
Project("{FAE04EC0-301F-11D3-BF4B-00C04F79EFBC}") = "task4", "task4\task4.csproj", "{4527C219-CFBA-4145-A1C0-34A167CB499F}"
EndProject
Global
	GlobalSection(SolutionConfigurationPlatforms) = preSolution
		Debug|Any CPU = Debug|Any CPU
		Release|Any CPU = Release|Any CPU
	EndGlobalSection
	GlobalSection(ProjectConfigurationPlatforms) = postSolution
		{EE461BEB-0519-44D7-9901-0D6119A2E2BC}.Debug|Any CPU.ActiveCfg = Debug|Any CPU
		{EE461BEB-0519-44D7-9901-0D6119A2E2BC}.Debug|Any CPU.Build.0 = Debug|Any CPU
		{EE461BEB-0519-44D7-9901-0D6119A2E2BC}.Release|Any CPU.ActiveCfg = Release|Any CPU
		{EE461BEB-0519-44D7-9901-0D6119A2E2BC}.Release|Any CPU.Build.0 = Release|Any CPU
		{484F4AC5-79F9-4E7B-B7D9-3A9D06570F97}.Debug|Any CPU.ActiveCfg = Debug|Any CPU
		{484F4AC5-79F9-4E7B-B7D9-3A9D06570F97}.Debug|Any CPU.Build.0 = Debug|Any CPU
		{484F4AC5-79F9-4E7B-B7D9-3A9D06570F97}.Release|Any CPU.ActiveCfg = Release|Any CPU
		{484F4AC5-79F9-4E7B-B7D9-3A9D06570F97}.Release|Any CPU.Build.0 = Release|Any CPU
		{E7660A30-6DE5-4EDC-9209-6891403A16CE}.Debug|Any CPU.ActiveCfg = Debug|Any CPU
		{E7660A30-6DE5-4EDC-9209-6891403A16CE}.Debug|Any CPU.Build.0 = Debug|Any CPU
		{E7660A30-6DE5-4EDC-9209-6891403A16CE}.Release|Any CPU.ActiveCfg = Release|Any CPU
		{E7660A30-6DE5-4EDC-9209-6891403A16CE}.Release|Any CPU.Build.0 = Release|Any CPU
		{4527C219-CFBA-4145-A1C0-34A167CB499F}.Debug|Any CPU.ActiveCfg = Debug|Any CPU
		{4527C219-CFBA-4145-A1C0-34A167CB499F}.Debug|Any CPU.Build.0 = Debug|Any CPU
		{4527C219-CFBA-4145-A1C0-34A167CB499F}.Release|Any CPU.ActiveCfg = Release|Any CPU
		{4527C219-CFBA-4145-A1C0-34A167CB499F}.Release|Any CPU.Build.0 = Release|Any CPU
	EndGlobalSection
	GlobalSection(SolutionProperties) = preSolution
		HideSolutionNode = FALSE
	EndGlobalSection
	GlobalSection(ExtensibilityGlobals) = postSolution
		SolutionGuid = {8C79B074-CCA4-4A0C-9A4B-5DCECBFD3B0F}
	EndGlobalSection
EndGlobal
